
Microsoft Visual Studio Solution File, Format Version 12.00
# Visual Studio Version 16
VisualStudioVersion = 16.0.30717.126
MinimumVisualStudioVersion = 10.0.40219.1
Project("{FAE04EC0-301F-11D3-BF4B-00C04F79EFBC}") = "podcastAggregate", "podcastAggregate\podcastAggregate.csproj", "{703ADB2A-7F49-4EFC-9C5C-BF0CC6AC9760}"
EndProject
Global
	GlobalSection(SolutionConfigurationPlatforms) = preSolution
		Debug|Any CPU = Debug|Any CPU
		Release|Any CPU = Release|Any CPU
	EndGlobalSection
	GlobalSection(ProjectConfigurationPlatforms) = postSolution
		{703ADB2A-7F49-4EFC-9C5C-BF0CC6AC9760}.Debug|Any CPU.ActiveCfg = Debug|Any CPU
		{703ADB2A-7F49-4EFC-9C5C-BF0CC6AC9760}.Debug|Any CPU.Build.0 = Debug|Any CPU
		{703ADB2A-7F49-4EFC-9C5C-BF0CC6AC9760}.Release|Any CPU.ActiveCfg = Release|Any CPU
		{703ADB2A-7F49-4EFC-9C5C-BF0CC6AC9760}.Release|Any CPU.Build.0 = Release|Any CPU
	EndGlobalSection
	GlobalSection(SolutionProperties) = preSolution
		HideSolutionNode = FALSE
	EndGlobalSection
	GlobalSection(ExtensibilityGlobals) = postSolution
		SolutionGuid = {35E115B3-B53D-478E-90A5-50D51C0FB8C0}
	EndGlobalSection
EndGlobal
